
Microsoft Visual Studio Solution File, Format Version 12.00
# Visual Studio 15
VisualStudioVersion = 15.0.27428.2015
MinimumVisualStudioVersion = 10.0.40219.1
Project("{FAE04EC0-301F-11D3-BF4B-00C04F79EFBC}") = "Application", "Application\Application.csproj", "{CFBAB9B9-FDBA-4B27-BEBF-4FB858EDA226}"
EndProject
Global
	GlobalSection(SolutionConfigurationPlatforms) = preSolution
		Debug|Any CPU = Debug|Any CPU
		Release|Any CPU = Release|Any CPU
	EndGlobalSection
	GlobalSection(ProjectConfigurationPlatforms) = postSolution
		{CFBAB9B9-FDBA-4B27-BEBF-4FB858EDA226}.Debug|Any CPU.ActiveCfg = Debug|Any CPU
		{CFBAB9B9-FDBA-4B27-BEBF-4FB858EDA226}.Debug|Any CPU.Build.0 = Debug|Any CPU
		{CFBAB9B9-FDBA-4B27-BEBF-4FB858EDA226}.Debug|Any CPU.Deploy.0 = Debug|Any CPU
		{CFBAB9B9-FDBA-4B27-BEBF-4FB858EDA226}.Release|Any CPU.ActiveCfg = Release|Any CPU
		{CFBAB9B9-FDBA-4B27-BEBF-4FB858EDA226}.Release|Any CPU.Build.0 = Release|Any CPU
		{CFBAB9B9-FDBA-4B27-BEBF-4FB858EDA226}.Release|Any CPU.Deploy.0 = Release|Any CPU
	EndGlobalSection
	GlobalSection(SolutionProperties) = preSolution
		HideSolutionNode = FALSE
	EndGlobalSection
	GlobalSection(ExtensibilityGlobals) = postSolution
		SolutionGuid = {68D79A55-DB1F-48CF-8118-498B43D75C11}
	EndGlobalSection
EndGlobal
